
Microsoft Visual Studio Solution File, Format Version 12.00
Project("{FAE04EC0-301F-11D3-BF4B-00C04F79EFBC}") = "Week1", "Week1\Week1.csproj", "{88489CEE-64C8-4EBB-9728-206A392FEC87}"
EndProject
Project("{2150E333-8FDC-42A3-9474-1A3956D46DE8}") = "Week2", "Week2", "{716FFBFC-4441-4F6A-A13A-B061A2D6963E}"
EndProject
Project("{FAE04EC0-301F-11D3-BF4B-00C04F79EFBC}") = "w2_01", "w2_01\w2_01.csproj", "{7D1FB518-D195-487A-AF64-D24510CF4BE1}"
EndProject
Project("{2150E333-8FDC-42A3-9474-1A3956D46DE8}") = "Week3", "Week3", "{354342F2-F4EB-4157-80E0-DB6D18A1DCD8}"
EndProject
Project("{FAE04EC0-301F-11D3-BF4B-00C04F79EFBC}") = "Ex1", "Ex1\Ex1.csproj", "{FCC093B7-3D16-4E31-A378-13702D2ECF4D}"
EndProject
Project("{FAE04EC0-301F-11D3-BF4B-00C04F79EFBC}") = "textEx1", "textEx1\textEx1.csproj", "{EB1F7E2E-C642-4E75-B0EA-B6354640EE81}"
EndProject
Project("{FAE04EC0-301F-11D3-BF4B-00C04F79EFBC}") = "SubmitWindow", "SubmitWindow\SubmitWindow.csproj", "{5A20AEC8-DABD-4E03-9CC5-DE3F28675D50}"
EndProject
Project("{2150E333-8FDC-42A3-9474-1A3956D46DE8}") = "Week4", "Week4", "{9CEE2646-1412-4382-BAD9-DA6D0E8063D0}"
EndProject
Project("{FAE04EC0-301F-11D3-BF4B-00C04F79EFBC}") = "GraphicEx", "GraphicEx\GraphicEx.csproj", "{DFC7AE24-96E4-41BE-89A7-E06E64A4E45C}"
EndProject
Global
	GlobalSection(SolutionConfigurationPlatforms) = preSolution
		Debug|Any CPU = Debug|Any CPU
		Release|Any CPU = Release|Any CPU
	EndGlobalSection
	GlobalSection(ProjectConfigurationPlatforms) = postSolution
		{88489CEE-64C8-4EBB-9728-206A392FEC87}.Debug|Any CPU.ActiveCfg = Debug|Any CPU
		{88489CEE-64C8-4EBB-9728-206A392FEC87}.Debug|Any CPU.Build.0 = Debug|Any CPU
		{88489CEE-64C8-4EBB-9728-206A392FEC87}.Release|Any CPU.ActiveCfg = Release|Any CPU
		{88489CEE-64C8-4EBB-9728-206A392FEC87}.Release|Any CPU.Build.0 = Release|Any CPU
		{7D1FB518-D195-487A-AF64-D24510CF4BE1}.Debug|Any CPU.ActiveCfg = Debug|Any CPU
		{7D1FB518-D195-487A-AF64-D24510CF4BE1}.Debug|Any CPU.Build.0 = Debug|Any CPU
		{7D1FB518-D195-487A-AF64-D24510CF4BE1}.Release|Any CPU.ActiveCfg = Release|Any CPU
		{7D1FB518-D195-487A-AF64-D24510CF4BE1}.Release|Any CPU.Build.0 = Release|Any CPU
		{FCC093B7-3D16-4E31-A378-13702D2ECF4D}.Debug|Any CPU.ActiveCfg = Debug|Any CPU
		{FCC093B7-3D16-4E31-A378-13702D2ECF4D}.Debug|Any CPU.Build.0 = Debug|Any CPU
		{FCC093B7-3D16-4E31-A378-13702D2ECF4D}.Release|Any CPU.ActiveCfg = Release|Any CPU
		{FCC093B7-3D16-4E31-A378-13702D2ECF4D}.Release|Any CPU.Build.0 = Release|Any CPU
		{EB1F7E2E-C642-4E75-B0EA-B6354640EE81}.Debug|Any CPU.ActiveCfg = Debug|Any CPU
		{EB1F7E2E-C642-4E75-B0EA-B6354640EE81}.Debug|Any CPU.Build.0 = Debug|Any CPU
		{EB1F7E2E-C642-4E75-B0EA-B6354640EE81}.Release|Any CPU.ActiveCfg = Release|Any CPU
		{EB1F7E2E-C642-4E75-B0EA-B6354640EE81}.Release|Any CPU.Build.0 = Release|Any CPU
		{5A20AEC8-DABD-4E03-9CC5-DE3F28675D50}.Debug|Any CPU.ActiveCfg = Debug|Any CPU
		{5A20AEC8-DABD-4E03-9CC5-DE3F28675D50}.Debug|Any CPU.Build.0 = Debug|Any CPU
		{5A20AEC8-DABD-4E03-9CC5-DE3F28675D50}.Release|Any CPU.ActiveCfg = Release|Any CPU
		{5A20AEC8-DABD-4E03-9CC5-DE3F28675D50}.Release|Any CPU.Build.0 = Release|Any CPU
		{DFC7AE24-96E4-41BE-89A7-E06E64A4E45C}.Debug|Any CPU.ActiveCfg = Debug|Any CPU
		{DFC7AE24-96E4-41BE-89A7-E06E64A4E45C}.Debug|Any CPU.Build.0 = Debug|Any CPU
		{DFC7AE24-96E4-41BE-89A7-E06E64A4E45C}.Release|Any CPU.ActiveCfg = Release|Any CPU
		{DFC7AE24-96E4-41BE-89A7-E06E64A4E45C}.Release|Any CPU.Build.0 = Release|Any CPU
	EndGlobalSection
	GlobalSection(NestedProjects) = preSolution
		{7D1FB518-D195-487A-AF64-D24510CF4BE1} = {716FFBFC-4441-4F6A-A13A-B061A2D6963E}
		{FCC093B7-3D16-4E31-A378-13702D2ECF4D} = {354342F2-F4EB-4157-80E0-DB6D18A1DCD8}
		{EB1F7E2E-C642-4E75-B0EA-B6354640EE81} = {354342F2-F4EB-4157-80E0-DB6D18A1DCD8}
		{5A20AEC8-DABD-4E03-9CC5-DE3F28675D50} = {716FFBFC-4441-4F6A-A13A-B061A2D6963E}
		{DFC7AE24-96E4-41BE-89A7-E06E64A4E45C} = {9CEE2646-1412-4382-BAD9-DA6D0E8063D0}
	EndGlobalSection
EndGlobal
